
Microsoft Visual Studio Solution File, Format Version 12.00
# Visual Studio Version 16
VisualStudioVersion = 16.0.30621.155
MinimumVisualStudioVersion = 10.0.40219.1
Project("{FAE04EC0-301F-11D3-BF4B-00C04F79EFBC}") = "_Det", "_Det\_Det.csproj", "{1826DCFF-BD88-446D-8579-2229BCFFCBAB}"
EndProject
Global
	GlobalSection(SolutionConfigurationPlatforms) = preSolution
		Debug|Any CPU = Debug|Any CPU
		Release|Any CPU = Release|Any CPU
	EndGlobalSection
	GlobalSection(ProjectConfigurationPlatforms) = postSolution
		{1826DCFF-BD88-446D-8579-2229BCFFCBAB}.Debug|Any CPU.ActiveCfg = Debug|Any CPU
		{1826DCFF-BD88-446D-8579-2229BCFFCBAB}.Debug|Any CPU.Build.0 = Debug|Any CPU
		{1826DCFF-BD88-446D-8579-2229BCFFCBAB}.Release|Any CPU.ActiveCfg = Release|Any CPU
		{1826DCFF-BD88-446D-8579-2229BCFFCBAB}.Release|Any CPU.Build.0 = Release|Any CPU
	EndGlobalSection
	GlobalSection(SolutionProperties) = preSolution
		HideSolutionNode = FALSE
	EndGlobalSection
	GlobalSection(ExtensibilityGlobals) = postSolution
		SolutionGuid = {9FF4C3AF-CC9E-4553-969E-6454602DED05}
	EndGlobalSection
EndGlobal
